
Microsoft Visual Studio Solution File, Format Version 12.00
# Visual Studio 14
VisualStudioVersion = 14.0.25420.1
MinimumVisualStudioVersion = 10.0.40219.1
Project("{FAE04EC0-301F-11D3-BF4B-00C04F79EFBC}") = "MazeCore", "MazeCore.csproj", "{095C1C27-0770-41A9-95EA-42212C26F6AB}"
EndProject
Project("{FAE04EC0-301F-11D3-BF4B-00C04F79EFBC}") = "WPF_Client", "WPF_Client\WPF_Client.csproj", "{A8668F33-8D9C-4C88-B196-5490AF769155}"
EndProject
Global
	GlobalSection(SolutionConfigurationPlatforms) = preSolution
		Debug|Any CPU = Debug|Any CPU
		Debug|ARM = Debug|ARM
		Debug|x86 = Debug|x86
		Release|Any CPU = Release|Any CPU
		Release|ARM = Release|ARM
		Release|x86 = Release|x86
	EndGlobalSection
	GlobalSection(ProjectConfigurationPlatforms) = postSolution
		{095C1C27-0770-41A9-95EA-42212C26F6AB}.Debug|Any CPU.ActiveCfg = Debug|Any CPU
		{095C1C27-0770-41A9-95EA-42212C26F6AB}.Debug|Any CPU.Build.0 = Debug|Any CPU
		{095C1C27-0770-41A9-95EA-42212C26F6AB}.Debug|ARM.ActiveCfg = Debug|Any CPU
		{095C1C27-0770-41A9-95EA-42212C26F6AB}.Debug|ARM.Build.0 = Debug|Any CPU
		{095C1C27-0770-41A9-95EA-42212C26F6AB}.Debug|x86.ActiveCfg = Debug|Any CPU
		{095C1C27-0770-41A9-95EA-42212C26F6AB}.Debug|x86.Build.0 = Debug|Any CPU
		{095C1C27-0770-41A9-95EA-42212C26F6AB}.Release|Any CPU.ActiveCfg = Release|Any CPU
		{095C1C27-0770-41A9-95EA-42212C26F6AB}.Release|Any CPU.Build.0 = Release|Any CPU
		{095C1C27-0770-41A9-95EA-42212C26F6AB}.Release|ARM.ActiveCfg = Release|Any CPU
		{095C1C27-0770-41A9-95EA-42212C26F6AB}.Release|ARM.Build.0 = Release|Any CPU
		{095C1C27-0770-41A9-95EA-42212C26F6AB}.Release|x86.ActiveCfg = Release|Any CPU
		{095C1C27-0770-41A9-95EA-42212C26F6AB}.Release|x86.Build.0 = Release|Any CPU
		{A8668F33-8D9C-4C88-B196-5490AF769155}.Debug|Any CPU.ActiveCfg = Debug|Any CPU
		{A8668F33-8D9C-4C88-B196-5490AF769155}.Debug|Any CPU.Build.0 = Debug|Any CPU
		{A8668F33-8D9C-4C88-B196-5490AF769155}.Debug|ARM.ActiveCfg = Debug|Any CPU
		{A8668F33-8D9C-4C88-B196-5490AF769155}.Debug|ARM.Build.0 = Debug|Any CPU
		{A8668F33-8D9C-4C88-B196-5490AF769155}.Debug|x86.ActiveCfg = Debug|Any CPU
		{A8668F33-8D9C-4C88-B196-5490AF769155}.Debug|x86.Build.0 = Debug|Any CPU
		{A8668F33-8D9C-4C88-B196-5490AF769155}.Release|Any CPU.ActiveCfg = Release|Any CPU
		{A8668F33-8D9C-4C88-B196-5490AF769155}.Release|Any CPU.Build.0 = Release|Any CPU
		{A8668F33-8D9C-4C88-B196-5490AF769155}.Release|ARM.ActiveCfg = Release|Any CPU
		{A8668F33-8D9C-4C88-B196-5490AF769155}.Release|ARM.Build.0 = Release|Any CPU
		{A8668F33-8D9C-4C88-B196-5490AF769155}.Release|x86.ActiveCfg = Release|Any CPU
		{A8668F33-8D9C-4C88-B196-5490AF769155}.Release|x86.Build.0 = Release|Any CPU
	EndGlobalSection
	GlobalSection(SolutionProperties) = preSolution
		HideSolutionNode = FALSE
	EndGlobalSection
EndGlobal
